{
    "_readme": [
        "This file locks the dependencies of your project to a known state",
        "Read more about it at https://getcomposer.org/doc/01-basic-usage.md#composer-lock-the-lock-file",
        "This file is @generated automatically"
    ],
    "content-hash": "216980d056a42dc5606a07f58e16cf4d",
    "packages": [
        {
            "name": "pimax/fb-messenger-php",
            "version": "dev-master",
            "source": {
                "type": "git",
                "url": "https://github.com/pimax/fb-messenger-php.git",
                "reference": "54ecce83089cd4a26927858ae9bf3d327c877837"
            },
            "dist": {
                "type": "zip",
                "url": "https://api.github.com/repos/pimax/fb-messenger-php/zipball/54ecce83089cd4a26927858ae9bf3d327c877837",
                "reference": "54ecce83089cd4a26927858ae9bf3d327c877837",
                "shasum": ""
            },
            "require": {
                "php": ">=5.4.0"
            },
            "type": "library",
            "autoload": {
                "psr-4": {
                    "pimax\\": ""
                }
            },
            "notification-url": "https://packagist.org/downloads/",
            "license": [
                "MIT"
            ],
            "authors": [
                {
                    "name": "Max Pinyugin",
                    "email": "m.pinyugin@gmail.com",
                    "homepage": "http://russian-developers.com",
                    "role": "Developer"
                }
            ],
            "description": " Facebook Messenger Bot PHP API",
            "homepage": "https://github.com/pimax/fb-messenger-php",
            "time": "2017-04-28 13:10:45"
        }
    ],
    "packages-dev": [],
    "aliases": [],
    "minimum-stability": "stable",
    "stability-flags": {
        "pimax/fb-messenger-php": 20
    },
    "prefer-stable": false,
    "prefer-lowest": false,
    "platform": [],
    "platform-dev": []
}
